
Microsoft Visual Studio Solution File, Format Version 12.00
# Visual Studio 14
VisualStudioVersion = 14.0.24720.0
MinimumVisualStudioVersion = 10.0.40219.1
Project("{FAE04EC0-301F-11D3-BF4B-00C04F79EFBC}") = "FileSystemWatcher", "FileSystemWatcher\FileSystemWatcher.csproj", "{881D9F50-7F67-4985-8E54-65C2D076FEDA}"
EndProject
Project("{FAE04EC0-301F-11D3-BF4B-00C04F79EFBC}") = "WatcherConsole", "WatcherConsole\WatcherConsole.csproj", "{3C332E62-C14B-486C-805C-D6A6C24F6875}"
EndProject
Global
	GlobalSection(SolutionConfigurationPlatforms) = preSolution
		Debug|Any CPU = Debug|Any CPU
		Release|Any CPU = Release|Any CPU
	EndGlobalSection
	GlobalSection(ProjectConfigurationPlatforms) = postSolution
		{881D9F50-7F67-4985-8E54-65C2D076FEDA}.Debug|Any CPU.ActiveCfg = Debug|Any CPU
		{881D9F50-7F67-4985-8E54-65C2D076FEDA}.Debug|Any CPU.Build.0 = Debug|Any CPU
		{881D9F50-7F67-4985-8E54-65C2D076FEDA}.Release|Any CPU.ActiveCfg = Release|Any CPU
		{881D9F50-7F67-4985-8E54-65C2D076FEDA}.Release|Any CPU.Build.0 = Release|Any CPU
		{3C332E62-C14B-486C-805C-D6A6C24F6875}.Debug|Any CPU.ActiveCfg = Debug|Any CPU
		{3C332E62-C14B-486C-805C-D6A6C24F6875}.Debug|Any CPU.Build.0 = Debug|Any CPU
		{3C332E62-C14B-486C-805C-D6A6C24F6875}.Release|Any CPU.ActiveCfg = Release|Any CPU
		{3C332E62-C14B-486C-805C-D6A6C24F6875}.Release|Any CPU.Build.0 = Release|Any CPU
	EndGlobalSection
	GlobalSection(SolutionProperties) = preSolution
		HideSolutionNode = FALSE
	EndGlobalSection
EndGlobal
